
Microsoft Visual Studio Solution File, Format Version 12.00
# Visual Studio Version 17
VisualStudioVersion = 17.12.35506.116
MinimumVisualStudioVersion = 10.0.40219.1
Project("{2150E333-8FDC-42A3-9474-1A3956D46DE8}") = "Services", "Services", "{BFD51379-28FA-47D9-8E4C-A48100A0EB5F}"
EndProject
Project("{FAE04EC0-301F-11D3-BF4B-00C04F79EFBC}") = "Catalog.API", "Services\Catalog.API\Catalog.API.csproj", "{E45D304F-CBB8-49DF-B9A8-350496A13D3F}"
EndProject
Project("{FAE04EC0-301F-11D3-BF4B-00C04F79EFBC}") = "CoreApiResponse", "Services\CoreApiResponse\CoreApiResponse.csproj", "{BF0E24E5-29BD-4325-8CB3-4F02B682E6C3}"
EndProject
Project("{FAE04EC0-301F-11D3-BF4B-00C04F79EFBC}") = "Basket.API", "Services\Basket.API\Basket.API.csproj", "{5B6DD003-9A59-44E1-93A0-F6F649375A68}"
EndProject
Project("{FAE04EC0-301F-11D3-BF4B-00C04F79EFBC}") = "Discount.API", "Services\Discount.API\Discount.API.csproj", "{3C627519-EF71-4B31-9B29-C0AC5E9DED4F}"
EndProject
Project("{FAE04EC0-301F-11D3-BF4B-00C04F79EFBC}") = "Discount.Grpc", "Services\Discount.Grpc\Discount.Grpc.csproj", "{4F1F6381-DDBE-41CB-8A36-7217BDC74472}"
EndProject
Global
	GlobalSection(SolutionConfigurationPlatforms) = preSolution
		Debug|Any CPU = Debug|Any CPU
		Release|Any CPU = Release|Any CPU
	EndGlobalSection
	GlobalSection(ProjectConfigurationPlatforms) = postSolution
		{E45D304F-CBB8-49DF-B9A8-350496A13D3F}.Debug|Any CPU.ActiveCfg = Debug|Any CPU
		{E45D304F-CBB8-49DF-B9A8-350496A13D3F}.Debug|Any CPU.Build.0 = Debug|Any CPU
		{E45D304F-CBB8-49DF-B9A8-350496A13D3F}.Release|Any CPU.ActiveCfg = Release|Any CPU
		{E45D304F-CBB8-49DF-B9A8-350496A13D3F}.Release|Any CPU.Build.0 = Release|Any CPU
		{BF0E24E5-29BD-4325-8CB3-4F02B682E6C3}.Debug|Any CPU.ActiveCfg = Debug|Any CPU
		{BF0E24E5-29BD-4325-8CB3-4F02B682E6C3}.Debug|Any CPU.Build.0 = Debug|Any CPU
		{BF0E24E5-29BD-4325-8CB3-4F02B682E6C3}.Release|Any CPU.ActiveCfg = Release|Any CPU
		{BF0E24E5-29BD-4325-8CB3-4F02B682E6C3}.Release|Any CPU.Build.0 = Release|Any CPU
		{5B6DD003-9A59-44E1-93A0-F6F649375A68}.Debug|Any CPU.ActiveCfg = Debug|Any CPU
		{5B6DD003-9A59-44E1-93A0-F6F649375A68}.Debug|Any CPU.Build.0 = Debug|Any CPU
		{5B6DD003-9A59-44E1-93A0-F6F649375A68}.Release|Any CPU.ActiveCfg = Release|Any CPU
		{5B6DD003-9A59-44E1-93A0-F6F649375A68}.Release|Any CPU.Build.0 = Release|Any CPU
		{3C627519-EF71-4B31-9B29-C0AC5E9DED4F}.Debug|Any CPU.ActiveCfg = Debug|Any CPU
		{3C627519-EF71-4B31-9B29-C0AC5E9DED4F}.Debug|Any CPU.Build.0 = Debug|Any CPU
		{3C627519-EF71-4B31-9B29-C0AC5E9DED4F}.Release|Any CPU.ActiveCfg = Release|Any CPU
		{3C627519-EF71-4B31-9B29-C0AC5E9DED4F}.Release|Any CPU.Build.0 = Release|Any CPU
		{4F1F6381-DDBE-41CB-8A36-7217BDC74472}.Debug|Any CPU.ActiveCfg = Debug|Any CPU
		{4F1F6381-DDBE-41CB-8A36-7217BDC74472}.Debug|Any CPU.Build.0 = Debug|Any CPU
		{4F1F6381-DDBE-41CB-8A36-7217BDC74472}.Release|Any CPU.ActiveCfg = Release|Any CPU
		{4F1F6381-DDBE-41CB-8A36-7217BDC74472}.Release|Any CPU.Build.0 = Release|Any CPU
	EndGlobalSection
	GlobalSection(SolutionProperties) = preSolution
		HideSolutionNode = FALSE
	EndGlobalSection
	GlobalSection(NestedProjects) = preSolution
		{E45D304F-CBB8-49DF-B9A8-350496A13D3F} = {BFD51379-28FA-47D9-8E4C-A48100A0EB5F}
		{BF0E24E5-29BD-4325-8CB3-4F02B682E6C3} = {BFD51379-28FA-47D9-8E4C-A48100A0EB5F}
		{5B6DD003-9A59-44E1-93A0-F6F649375A68} = {BFD51379-28FA-47D9-8E4C-A48100A0EB5F}
		{3C627519-EF71-4B31-9B29-C0AC5E9DED4F} = {BFD51379-28FA-47D9-8E4C-A48100A0EB5F}
		{4F1F6381-DDBE-41CB-8A36-7217BDC74472} = {BFD51379-28FA-47D9-8E4C-A48100A0EB5F}
	EndGlobalSection
EndGlobal
